
Microsoft Visual Studio Solution File, Format Version 12.00
# Visual Studio 2013
VisualStudioVersion = 12.0.31101.0
MinimumVisualStudioVersion = 10.0.40219.1
Project("{888888A0-9F3D-457C-B088-3A5042F75D52}") = "wlkyQT", "wlkyQT.pyproj", "{5FF278CA-306A-4E3E-BB01-A91B4A8892A1}"
EndProject
Project("{888888A0-9F3D-457C-B088-3A5042F75D52}") = "MlnTrdStrg", "..\MlnTrdStrg\MlnTrdStrg.pyproj", "{2293D1D9-AFEC-49FF-BAE5-2303222EC138}"
EndProject
Global
	GlobalSection(TeamFoundationVersionControl) = preSolution
		SccNumberOfProjects = 3
		SccEnterpriseProvider = {4CA58AB2-18FA-4F8D-95D4-32DDF27D184C}
		SccTeamFoundationServer = https://mushtaqck.visualstudio.com/defaultcollection
		SccProjectUniqueName0 = wlkyQT.pyproj
		SccLocalPath0 = .
		SccLocalPath1 = .
		SccProjectUniqueName2 = ..\\MlnTrdStrg\\MlnTrdStrg.pyproj
		SccProjectName2 = MlnTrdStrg
		SccLocalPath2 = ..\\MlnTrdStrg
	EndGlobalSection
	GlobalSection(SolutionConfigurationPlatforms) = preSolution
		Debug|Any CPU = Debug|Any CPU
		Release|Any CPU = Release|Any CPU
	EndGlobalSection
	GlobalSection(ProjectConfigurationPlatforms) = postSolution
		{5FF278CA-306A-4E3E-BB01-A91B4A8892A1}.Debug|Any CPU.ActiveCfg = Debug|Any CPU
		{5FF278CA-306A-4E3E-BB01-A91B4A8892A1}.Release|Any CPU.ActiveCfg = Release|Any CPU
		{2293D1D9-AFEC-49FF-BAE5-2303222EC138}.Debug|Any CPU.ActiveCfg = Debug|Any CPU
		{2293D1D9-AFEC-49FF-BAE5-2303222EC138}.Release|Any CPU.ActiveCfg = Release|Any CPU
	EndGlobalSection
	GlobalSection(SolutionProperties) = preSolution
		HideSolutionNode = FALSE
	EndGlobalSection
EndGlobal
